// !$*UTF8*$!
{
	archiveVersion = 1;
	classes = {
	};
	objectVersion = 46;
	objects = {

/* Begin PBXBuildFile section */
		00B1757D1F65D9E30015A9DE /* AppDelegate.swift in Sources */ = {isa = PBXBuildFile; fileRef = 00B1757C1F65D9E30015A9DE /* AppDelegate.swift */; };
		00B1757F1F65D9E30015A9DE /* ViewController.swift in Sources */ = {isa = PBXBuildFile; fileRef = 00B1757E1F65D9E30015A9DE /* ViewController.swift */; };
		00B175821F65D9E30015A9DE /* Main.storyboard in Resources */ = {isa = PBXBuildFile; fileRef = 00B175801F65D9E30015A9DE /* Main.storyboard */; };
		00B175841F65D9E30015A9DE /* Assets.xcassets in Resources */ = {isa = PBXBuildFile; fileRef = 00B175831F65D9E30015A9DE /* Assets.xcassets */; };
		00B175871F65D9E30015A9DE /* LaunchScreen.storyboard in Resources */ = {isa = PBXBuildFile; fileRef = 00B175851F65D9E30015A9DE /* LaunchScreen.storyboard */; };
		00B175961F65DD970015A9DE /* GoogleService-Info.plist in Resources */ = {isa = PBXBuildFile; fileRef = 00B175951F65DD970015A9DE /* GoogleService-Info.plist */; };
		00B1759C1F65E27A0015A9DE /* NetworkManager.swift in Sources */ = {isa = PBXBuildFile; fileRef = 00B1759B1F65E27A0015A9DE /* NetworkManager.swift */; };
		00B1759E1F65E36F0015A9DE /* BaseService.swift in Sources */ = {isa = PBXBuildFile; fileRef = 00B1759D1F65E36F0015A9DE /* BaseService.swift */; };
		00B175A01F65E37B0015A9DE /* UserService.swift in Sources */ = {isa = PBXBuildFile; fileRef = 00B1759F1F65E37B0015A9DE /* UserService.swift */; };
		00B175A21F65E3940015A9DE /* ArticlesService.swift in Sources */ = {isa = PBXBuildFile; fileRef = 00B175A11F65E3940015A9DE /* ArticlesService.swift */; };
		00B175A41F65E4C00015A9DE /* ApiResponseHandler.swift in Sources */ = {isa = PBXBuildFile; fileRef = 00B175A31F65E4C00015A9DE /* ApiResponseHandler.swift */; };
		00B175A71F65E9910015A9DE /* ErrorType.swift in Sources */ = {isa = PBXBuildFile; fileRef = 00B175A61F65E9910015A9DE /* ErrorType.swift */; };
		00B175A91F65EAD00015A9DE /* ApiUrlCreator.swift in Sources */ = {isa = PBXBuildFile; fileRef = 00B175A81F65EAD00015A9DE /* ApiUrlCreator.swift */; };
		00B175B11F65EDF60015A9DE /* LoginViewController.storyboard in Resources */ = {isa = PBXBuildFile; fileRef = 00B175B01F65EDF60015A9DE /* LoginViewController.storyboard */; };
		00B175B31F65EE0C0015A9DE /* LoginViewController.swift in Sources */ = {isa = PBXBuildFile; fileRef = 00B175B21F65EE0C0015A9DE /* LoginViewController.swift */; };
		00B175B51F65EE440015A9DE /* ArticlesList.storyboard in Resources */ = {isa = PBXBuildFile; fileRef = 00B175B41F65EE440015A9DE /* ArticlesList.storyboard */; };
		00B175B71F65EE620015A9DE /* ArticlesListViewController.swift in Sources */ = {isa = PBXBuildFile; fileRef = 00B175B61F65EE620015A9DE /* ArticlesListViewController.swift */; };
		00B175B91F65EE940015A9DE /* ArticleDetailViewController.swift in Sources */ = {isa = PBXBuildFile; fileRef = 00B175B81F65EE940015A9DE /* ArticleDetailViewController.swift */; };
		00B175BB1F65F1490015A9DE /* BaseViewController.swift in Sources */ = {isa = PBXBuildFile; fileRef = 00B175BA1F65F1490015A9DE /* BaseViewController.swift */; };
		00B175BD1F65F4B80015A9DE /* BaseViewModel.swift in Sources */ = {isa = PBXBuildFile; fileRef = 00B175BC1F65F4B80015A9DE /* BaseViewModel.swift */; };
		00B175BF1F65F55D0015A9DE /* UIStoryboard_extensions.swift in Sources */ = {isa = PBXBuildFile; fileRef = 00B175BE1F65F55D0015A9DE /* UIStoryboard_extensions.swift */; };
		00B175C11F65F6430015A9DE /* LoginViewModel.swift in Sources */ = {isa = PBXBuildFile; fileRef = 00B175C01F65F6430015A9DE /* LoginViewModel.swift */; };
		00B175C31F65F6520015A9DE /* ArticlesListViewModel.swift in Sources */ = {isa = PBXBuildFile; fileRef = 00B175C21F65F6520015A9DE /* ArticlesListViewModel.swift */; };
		00B175C51F65F6620015A9DE /* ArticleDetailViewModel.swift in Sources */ = {isa = PBXBuildFile; fileRef = 00B175C41F65F6620015A9DE /* ArticleDetailViewModel.swift */; };
		00B175DB1F667B840015A9DE /* SFDisplay-Bold.otf in Resources */ = {isa = PBXBuildFile; fileRef = 00B175CD1F667B840015A9DE /* SFDisplay-Bold.otf */; };
		00B175DC1F667B840015A9DE /* SFDisplay-Light.otf in Resources */ = {isa = PBXBuildFile; fileRef = 00B175CE1F667B840015A9DE /* SFDisplay-Light.otf */; };
		00B175DD1F667B840015A9DE /* SFDisplay-Medium.otf in Resources */ = {isa = PBXBuildFile; fileRef = 00B175CF1F667B840015A9DE /* SFDisplay-Medium.otf */; };
		00B175DE1F667B840015A9DE /* SFDisplay-Regular.otf in Resources */ = {isa = PBXBuildFile; fileRef = 00B175D01F667B840015A9DE /* SFDisplay-Regular.otf */; };
		00B175DF1F667B840015A9DE /* SFDisplay-Semibold.otf in Resources */ = {isa = PBXBuildFile; fileRef = 00B175D11F667B840015A9DE /* SFDisplay-Semibold.otf */; };
		00B175E01F667B840015A9DE /* SFDisplay-Thin.otf in Resources */ = {isa = PBXBuildFile; fileRef = 00B175D21F667B840015A9DE /* SFDisplay-Thin.otf */; };
		00B175E11F667B840015A9DE /* SFText-Bold.otf in Resources */ = {isa = PBXBuildFile; fileRef = 00B175D31F667B840015A9DE /* SFText-Bold.otf */; };
		00B175E21F667B840015A9DE /* SFText-Light.otf in Resources */ = {isa = PBXBuildFile; fileRef = 00B175D41F667B840015A9DE /* SFText-Light.otf */; };
		00B175E31F667B840015A9DE /* SFText-Medium.otf in Resources */ = {isa = PBXBuildFile; fileRef = 00B175D51F667B840015A9DE /* SFText-Medium.otf */; };
		00B175E41F667B840015A9DE /* SFText-Regular.otf in Resources */ = {isa = PBXBuildFile; fileRef = 00B175D61F667B840015A9DE /* SFText-Regular.otf */; };
		00B175E51F667B840015A9DE /* SFText-Semibold.otf in Resources */ = {isa = PBXBuildFile; fileRef = 00B175D71F667B840015A9DE /* SFText-Semibold.otf */; };
		00B175F11F669B640015A9DE /* UIView_extensions.swift in Sources */ = {isa = PBXBuildFile; fileRef = 00B175F01F669B640015A9DE /* UIView_extensions.swift */; };
		00B175F41F66BF230015A9DE /* AuthCoordinator.swift in Sources */ = {isa = PBXBuildFile; fileRef = 00B175F31F66BF230015A9DE /* AuthCoordinator.swift */; };
		00B175F81F66BF380015A9DE /* ArticlesCoordinator.swift in Sources */ = {isa = PBXBuildFile; fileRef = 00B175F71F66BF380015A9DE /* ArticlesCoordinator.swift */; };
		00B175FA1F66BF590015A9DE /* BaseCoordinator.swift in Sources */ = {isa = PBXBuildFile; fileRef = 00B175F91F66BF590015A9DE /* BaseCoordinator.swift */; };
		00B175FC1F6708480015A9DE /* UINavigationViewController_extensions.swift in Sources */ = {isa = PBXBuildFile; fileRef = 00B175FB1F6708480015A9DE /* UINavigationViewController_extensions.swift */; };
		00B175FE1F6709150015A9DE /* UIViewController_extensions.swift in Sources */ = {isa = PBXBuildFile; fileRef = 00B175FD1F6709150015A9DE /* UIViewController_extensions.swift */; };
		C608081EAA37EC910492480C /* Pods_hackernews.framework in Frameworks */ = {isa = PBXBuildFile; fileRef = 3F4ADF38B7597BE32E18353C /* Pods_hackernews.framework */; };
/* End PBXBuildFile section */

/* Begin PBXFileReference section */
		00B175791F65D9E30015A9DE /* hackernews.app */ = {isa = PBXFileReference; explicitFileType = wrapper.application; includeInIndex = 0; path = hackernews.app; sourceTree = BUILT_PRODUCTS_DIR; };
		00B1757C1F65D9E30015A9DE /* AppDelegate.swift */ = {isa = PBXFileReference; lastKnownFileType = sourcecode.swift; path = AppDelegate.swift; sourceTree = "<group>"; };
		00B1757E1F65D9E30015A9DE /* ViewController.swift */ = {isa = PBXFileReference; lastKnownFileType = sourcecode.swift; path = ViewController.swift; sourceTree = "<group>"; };
		00B175811F65D9E30015A9DE /* Base */ = {isa = PBXFileReference; lastKnownFileType = file.storyboard; name = Base; path = Base.lproj/Main.storyboard; sourceTree = "<group>"; };
		00B175831F65D9E30015A9DE /* Assets.xcassets */ = {isa = PBXFileReference; lastKnownFileType = folder.assetcatalog; path = Assets.xcassets; sourceTree = "<group>"; };
		00B175861F65D9E30015A9DE /* Base */ = {isa = PBXFileReference; lastKnownFileType = file.storyboard; name = Base; path = Base.lproj/LaunchScreen.storyboard; sourceTree = "<group>"; };
		00B175881F65D9E30015A9DE /* Info.plist */ = {isa = PBXFileReference; lastKnownFileType = text.plist.xml; path = Info.plist; sourceTree = "<group>"; };
		00B175951F65DD970015A9DE /* GoogleService-Info.plist */ = {isa = PBXFileReference; fileEncoding = 4; lastKnownFileType = text.plist.xml; path = "GoogleService-Info.plist"; sourceTree = "<group>"; };
		00B1759B1F65E27A0015A9DE /* NetworkManager.swift */ = {isa = PBXFileReference; fileEncoding = 4; lastKnownFileType = sourcecode.swift; path = NetworkManager.swift; sourceTree = "<group>"; };
		00B1759D1F65E36F0015A9DE /* BaseService.swift */ = {isa = PBXFileReference; fileEncoding = 4; lastKnownFileType = sourcecode.swift; path = BaseService.swift; sourceTree = "<group>"; };
		00B1759F1F65E37B0015A9DE /* UserService.swift */ = {isa = PBXFileReference; fileEncoding = 4; lastKnownFileType = sourcecode.swift; path = UserService.swift; sourceTree = "<group>"; };
		00B175A11F65E3940015A9DE /* ArticlesService.swift */ = {isa = PBXFileReference; fileEncoding = 4; lastKnownFileType = sourcecode.swift; path = ArticlesService.swift; sourceTree = "<group>"; };
		00B175A31F65E4C00015A9DE /* ApiResponseHandler.swift */ = {isa = PBXFileReference; fileEncoding = 4; lastKnownFileType = sourcecode.swift; path = ApiResponseHandler.swift; sourceTree = "<group>"; };
		00B175A61F65E9910015A9DE /* ErrorType.swift */ = {isa = PBXFileReference; fileEncoding = 4; lastKnownFileType = sourcecode.swift; path = ErrorType.swift; sourceTree = "<group>"; };
		00B175A81F65EAD00015A9DE /* ApiUrlCreator.swift */ = {isa = PBXFileReference; fileEncoding = 4; lastKnownFileType = sourcecode.swift; path = ApiUrlCreator.swift; sourceTree = "<group>"; };
		00B175B01F65EDF60015A9DE /* LoginViewController.storyboard */ = {isa = PBXFileReference; fileEncoding = 4; lastKnownFileType = file.storyboard; path = LoginViewController.storyboard; sourceTree = "<group>"; };
		00B175B21F65EE0C0015A9DE /* LoginViewController.swift */ = {isa = PBXFileReference; fileEncoding = 4; lastKnownFileType = sourcecode.swift; path = LoginViewController.swift; sourceTree = "<group>"; };
		00B175B41F65EE440015A9DE /* ArticlesList.storyboard */ = {isa = PBXFileReference; fileEncoding = 4; lastKnownFileType = file.storyboard; path = ArticlesList.storyboard; sourceTree = "<group>"; };
		00B175B61F65EE620015A9DE /* ArticlesListViewController.swift */ = {isa = PBXFileReference; fileEncoding = 4; lastKnownFileType = sourcecode.swift; path = ArticlesListViewController.swift; sourceTree = "<group>"; };
		00B175B81F65EE940015A9DE /* ArticleDetailViewController.swift */ = {isa = PBXFileReference; fileEncoding = 4; lastKnownFileType = sourcecode.swift; path = ArticleDetailViewController.swift; sourceTree = "<group>"; };
		00B175BA1F65F1490015A9DE /* BaseViewController.swift */ = {isa = PBXFileReference; fileEncoding = 4; lastKnownFileType = sourcecode.swift; path = BaseViewController.swift; sourceTree = "<group>"; };
		00B175BC1F65F4B80015A9DE /* BaseViewModel.swift */ = {isa = PBXFileReference; fileEncoding = 4; lastKnownFileType = sourcecode.swift; path = BaseViewModel.swift; sourceTree = "<group>"; };
		00B175BE1F65F55D0015A9DE /* UIStoryboard_extensions.swift */ = {isa = PBXFileReference; fileEncoding = 4; lastKnownFileType = sourcecode.swift; path = UIStoryboard_extensions.swift; sourceTree = "<group>"; };
		00B175C01F65F6430015A9DE /* LoginViewModel.swift */ = {isa = PBXFileReference; fileEncoding = 4; lastKnownFileType = sourcecode.swift; path = LoginViewModel.swift; sourceTree = "<group>"; };
		00B175C21F65F6520015A9DE /* ArticlesListViewModel.swift */ = {isa = PBXFileReference; fileEncoding = 4; lastKnownFileType = sourcecode.swift; path = ArticlesListViewModel.swift; sourceTree = "<group>"; };
		00B175C41F65F6620015A9DE /* ArticleDetailViewModel.swift */ = {isa = PBXFileReference; fileEncoding = 4; lastKnownFileType = sourcecode.swift; path = ArticleDetailViewModel.swift; sourceTree = "<group>"; };
		00B175CD1F667B840015A9DE /* SFDisplay-Bold.otf */ = {isa = PBXFileReference; lastKnownFileType = file; path = "SFDisplay-Bold.otf"; sourceTree = "<group>"; };
		00B175CE1F667B840015A9DE /* SFDisplay-Light.otf */ = {isa = PBXFileReference; lastKnownFileType = file; path = "SFDisplay-Light.otf"; sourceTree = "<group>"; };
		00B175CF1F667B840015A9DE /* SFDisplay-Medium.otf */ = {isa = PBXFileReference; lastKnownFileType = file; path = "SFDisplay-Medium.otf"; sourceTree = "<group>"; };
		00B175D01F667B840015A9DE /* SFDisplay-Regular.otf */ = {isa = PBXFileReference; lastKnownFileType = file; path = "SFDisplay-Regular.otf"; sourceTree = "<group>"; };
		00B175D11F667B840015A9DE /* SFDisplay-Semibold.otf */ = {isa = PBXFileReference; lastKnownFileType = file; path = "SFDisplay-Semibold.otf"; sourceTree = "<group>"; };
		00B175D21F667B840015A9DE /* SFDisplay-Thin.otf */ = {isa = PBXFileReference; lastKnownFileType = file; path = "SFDisplay-Thin.otf"; sourceTree = "<group>"; };
		00B175D31F667B840015A9DE /* SFText-Bold.otf */ = {isa = PBXFileReference; lastKnownFileType = file; path = "SFText-Bold.otf"; sourceTree = "<group>"; };
		00B175D41F667B840015A9DE /* SFText-Light.otf */ = {isa = PBXFileReference; lastKnownFileType = file; path = "SFText-Light.otf"; sourceTree = "<group>"; };
		00B175D51F667B840015A9DE /* SFText-Medium.otf */ = {isa = PBXFileReference; lastKnownFileType = file; path = "SFText-Medium.otf"; sourceTree = "<group>"; };
		00B175D61F667B840015A9DE /* SFText-Regular.otf */ = {isa = PBXFileReference; lastKnownFileType = file; path = "SFText-Regular.otf"; sourceTree = "<group>"; };
		00B175D71F667B840015A9DE /* SFText-Semibold.otf */ = {isa = PBXFileReference; lastKnownFileType = file; path = "SFText-Semibold.otf"; sourceTree = "<group>"; };
		00B175F01F669B640015A9DE /* UIView_extensions.swift */ = {isa = PBXFileReference; fileEncoding = 4; lastKnownFileType = sourcecode.swift; path = UIView_extensions.swift; sourceTree = "<group>"; };
		00B175F31F66BF230015A9DE /* AuthCoordinator.swift */ = {isa = PBXFileReference; fileEncoding = 4; lastKnownFileType = sourcecode.swift; path = AuthCoordinator.swift; sourceTree = "<group>"; };
		00B175F71F66BF380015A9DE /* ArticlesCoordinator.swift */ = {isa = PBXFileReference; fileEncoding = 4; lastKnownFileType = sourcecode.swift; path = ArticlesCoordinator.swift; sourceTree = "<group>"; };
		00B175F91F66BF590015A9DE /* BaseCoordinator.swift */ = {isa = PBXFileReference; fileEncoding = 4; lastKnownFileType = sourcecode.swift; path = BaseCoordinator.swift; sourceTree = "<group>"; };
		00B175FB1F6708480015A9DE /* UINavigationViewController_extensions.swift */ = {isa = PBXFileReference; fileEncoding = 4; lastKnownFileType = sourcecode.swift; path = UINavigationViewController_extensions.swift; sourceTree = "<group>"; };
		00B175FD1F6709150015A9DE /* UIViewController_extensions.swift */ = {isa = PBXFileReference; fileEncoding = 4; lastKnownFileType = sourcecode.swift; path = UIViewController_extensions.swift; sourceTree = "<group>"; };
		3F4ADF38B7597BE32E18353C /* Pods_hackernews.framework */ = {isa = PBXFileReference; explicitFileType = wrapper.framework; includeInIndex = 0; path = Pods_hackernews.framework; sourceTree = BUILT_PRODUCTS_DIR; };
		48E5EB207F434433D171AE02 /* Pods-hackernews.debug.xcconfig */ = {isa = PBXFileReference; includeInIndex = 1; lastKnownFileType = text.xcconfig; name = "Pods-hackernews.debug.xcconfig"; path = "Pods/Target Support Files/Pods-hackernews/Pods-hackernews.debug.xcconfig"; sourceTree = "<group>"; };
		BE31F695D2009A820252059C /* Pods-hackernews.release.xcconfig */ = {isa = PBXFileReference; includeInIndex = 1; lastKnownFileType = text.xcconfig; name = "Pods-hackernews.release.xcconfig"; path = "Pods/Target Support Files/Pods-hackernews/Pods-hackernews.release.xcconfig"; sourceTree = "<group>"; };
/* End PBXFileReference section */

/* Begin PBXFrameworksBuildPhase section */
		00B175761F65D9E30015A9DE /* Frameworks */ = {
			isa = PBXFrameworksBuildPhase;
			buildActionMask = 2147483647;
			files = (
				C608081EAA37EC910492480C /* Pods_hackernews.framework in Frameworks */,
			);
			runOnlyForDeploymentPostprocessing = 0;
		};
/* End PBXFrameworksBuildPhase section */

/* Begin PBXGroup section */
		00B175701F65D9E30015A9DE = {
			isa = PBXGroup;
			children = (
				00B1757B1F65D9E30015A9DE /* hackernews */,
				00B1757A1F65D9E30015A9DE /* Products */,
				978BA5EDBA63FE51C2C2A7EC /* Pods */,
				388DF3528CD3D92294B6CE77 /* Frameworks */,
			);
			sourceTree = "<group>";
		};
		00B1757A1F65D9E30015A9DE /* Products */ = {
			isa = PBXGroup;
			children = (
				00B175791F65D9E30015A9DE /* hackernews.app */,
			);
			name = Products;
			sourceTree = "<group>";
		};
		00B1757B1F65D9E30015A9DE /* hackernews */ = {
			isa = PBXGroup;
			children = (
				00B175F21F66BF090015A9DE /* Coordinators */,
				00B175C81F667B6A0015A9DE /* Resources */,
				00B175A51F65E9860015A9DE /* Enums */,
				00B175921F65DA070015A9DE /* API */,
				00B175911F65DA000015A9DE /* MVVM + Coordinator */,
				00B175901F65D9FB0015A9DE /* Extensions */,
				00B1758F1F65D9F60015A9DE /* UI */,
				00B1758E1F65D9E90015A9DE /* Application */,
				00B1757E1F65D9E30015A9DE /* ViewController.swift */,
				00B175801F65D9E30015A9DE /* Main.storyboard */,
			);
			path = hackernews;
			sourceTree = "<group>";
		};
		00B1758E1F65D9E90015A9DE /* Application */ = {
			isa = PBXGroup;
			children = (
				00B175951F65DD970015A9DE /* GoogleService-Info.plist */,
				00B1757C1F65D9E30015A9DE /* AppDelegate.swift */,
				00B175881F65D9E30015A9DE /* Info.plist */,
			);
			name = Application;
			sourceTree = "<group>";
		};
		00B1758F1F65D9F60015A9DE /* UI */ = {
			isa = PBXGroup;
			children = (
				00B175AF1F65EDCE0015A9DE /* Splash */,
				00B175AE1F65EDC70015A9DE /* Launch */,
				00B175941F65DA130015A9DE /* Articles */,
				00B175931F65DA0E0015A9DE /* Login */,
			);
			name = UI;
			sourceTree = "<group>";
		};
		00B175901F65D9FB0015A9DE /* Extensions */ = {
			isa = PBXGroup;
			children = (
				00B175BE1F65F55D0015A9DE /* UIStoryboard_extensions.swift */,
				00B175F01F669B640015A9DE /* UIView_extensions.swift */,
				00B175FB1F6708480015A9DE /* UINavigationViewController_extensions.swift */,
				00B175FD1F6709150015A9DE /* UIViewController_extensions.swift */,
			);
			name = Extensions;
			sourceTree = "<group>";
		};
		00B175911F65DA000015A9DE /* MVVM + Coordinator */ = {
			isa = PBXGroup;
			children = (
				00B175BA1F65F1490015A9DE /* BaseViewController.swift */,
				00B175BC1F65F4B80015A9DE /* BaseViewModel.swift */,
				00B175F91F66BF590015A9DE /* BaseCoordinator.swift */,
			);
			name = "MVVM + Coordinator";
			sourceTree = "<group>";
		};
		00B175921F65DA070015A9DE /* API */ = {
			isa = PBXGroup;
			children = (
				00B175ED1F6688AD0015A9DE /* Model */,
				00B1759A1F65E24A0015A9DE /* Response */,
				00B175981F65E22D0015A9DE /* Services */,
				00B175971F65E2270015A9DE /* URL */,
				00B1759B1F65E27A0015A9DE /* NetworkManager.swift */,
			);
			name = API;
			sourceTree = "<group>";
		};
		00B175931F65DA0E0015A9DE /* Login */ = {
			isa = PBXGroup;
			children = (
				00B175B01F65EDF60015A9DE /* LoginViewController.storyboard */,
				00B175B21F65EE0C0015A9DE /* LoginViewController.swift */,
				00B175C01F65F6430015A9DE /* LoginViewModel.swift */,
			);
			name = Login;
			sourceTree = "<group>";
		};
		00B175941F65DA130015A9DE /* Articles */ = {
			isa = PBXGroup;
			children = (
				00B175B41F65EE440015A9DE /* ArticlesList.storyboard */,
				00B175C71F65F66E0015A9DE /* Detail */,
				00B175C61F65F6660015A9DE /* List */,
			);
			name = Articles;
			sourceTree = "<group>";
		};
		00B175971F65E2270015A9DE /* URL */ = {
			isa = PBXGroup;
			children = (
				00B175A81F65EAD00015A9DE /* ApiUrlCreator.swift */,
			);
			name = URL;
			sourceTree = "<group>";
		};
		00B175981F65E22D0015A9DE /* Services */ = {
			isa = PBXGroup;
			children = (
				00B1759D1F65E36F0015A9DE /* BaseService.swift */,
				00B1759F1F65E37B0015A9DE /* UserService.swift */,
				00B175A11F65E3940015A9DE /* ArticlesService.swift */,
			);
			name = Services;
			sourceTree = "<group>";
		};
		00B1759A1F65E24A0015A9DE /* Response */ = {
			isa = PBXGroup;
			children = (
				00B175A31F65E4C00015A9DE /* ApiResponseHandler.swift */,
			);
			name = Response;
			sourceTree = "<group>";
		};
		00B175A51F65E9860015A9DE /* Enums */ = {
			isa = PBXGroup;
			children = (
				00B175A61F65E9910015A9DE /* ErrorType.swift */,
			);
			name = Enums;
			sourceTree = "<group>";
		};
		00B175AE1F65EDC70015A9DE /* Launch */ = {
			isa = PBXGroup;
			children = (
				00B175851F65D9E30015A9DE /* LaunchScreen.storyboard */,
			);
			name = Launch;
			sourceTree = "<group>";
		};
		00B175AF1F65EDCE0015A9DE /* Splash */ = {
			isa = PBXGroup;
			children = (
			);
			name = Splash;
			sourceTree = "<group>";
		};
		00B175C61F65F6660015A9DE /* List */ = {
			isa = PBXGroup;
			children = (
				00B175B61F65EE620015A9DE /* ArticlesListViewController.swift */,
				00B175C21F65F6520015A9DE /* ArticlesListViewModel.swift */,
			);
			name = List;
			sourceTree = "<group>";
		};
		00B175C71F65F66E0015A9DE /* Detail */ = {
			isa = PBXGroup;
			children = (
				00B175B81F65EE940015A9DE /* ArticleDetailViewController.swift */,
				00B175C41F65F6620015A9DE /* ArticleDetailViewModel.swift */,
			);
			name = Detail;
			sourceTree = "<group>";
		};
		00B175C81F667B6A0015A9DE /* Resources */ = {
			isa = PBXGroup;
			children = (
				00B175C91F667B760015A9DE /* Fonts */,
				00B175831F65D9E30015A9DE /* Assets.xcassets */,
			);
			name = Resources;
			sourceTree = "<group>";
		};
		00B175C91F667B760015A9DE /* Fonts */ = {
			isa = PBXGroup;
			children = (
				00B175CD1F667B840015A9DE /* SFDisplay-Bold.otf */,
				00B175CE1F667B840015A9DE /* SFDisplay-Light.otf */,
				00B175CF1F667B840015A9DE /* SFDisplay-Medium.otf */,
				00B175D01F667B840015A9DE /* SFDisplay-Regular.otf */,
				00B175D11F667B840015A9DE /* SFDisplay-Semibold.otf */,
				00B175D21F667B840015A9DE /* SFDisplay-Thin.otf */,
				00B175D31F667B840015A9DE /* SFText-Bold.otf */,
				00B175D41F667B840015A9DE /* SFText-Light.otf */,
				00B175D51F667B840015A9DE /* SFText-Medium.otf */,
				00B175D61F667B840015A9DE /* SFText-Regular.otf */,
				00B175D71F667B840015A9DE /* SFText-Semibold.otf */,
			);
			name = Fonts;
			sourceTree = "<group>";
		};
		00B175ED1F6688AD0015A9DE /* Model */ = {
			isa = PBXGroup;
			children = (
			);
			name = Model;
			sourceTree = "<group>";
		};
		00B175F21F66BF090015A9DE /* Coordinators */ = {
			isa = PBXGroup;
			children = (
				00B175F31F66BF230015A9DE /* AuthCoordinator.swift */,
				00B175F71F66BF380015A9DE /* ArticlesCoordinator.swift */,
			);
			name = Coordinators;
			sourceTree = "<group>";
		};
		388DF3528CD3D92294B6CE77 /* Frameworks */ = {
			isa = PBXGroup;
			children = (
				3F4ADF38B7597BE32E18353C /* Pods_hackernews.framework */,
			);
			name = Frameworks;
			sourceTree = "<group>";
		};
		978BA5EDBA63FE51C2C2A7EC /* Pods */ = {
			isa = PBXGroup;
			children = (
				48E5EB207F434433D171AE02 /* Pods-hackernews.debug.xcconfig */,
				BE31F695D2009A820252059C /* Pods-hackernews.release.xcconfig */,
			);
			name = Pods;
			sourceTree = "<group>";
		};
/* End PBXGroup section */

/* Begin PBXNativeTarget section */
		00B175781F65D9E30015A9DE /* hackernews */ = {
			isa = PBXNativeTarget;
			buildConfigurationList = 00B1758B1F65D9E30015A9DE /* Build configuration list for PBXNativeTarget "hackernews" */;
			buildPhases = (
				8E16F9AAE219F0E37AB8726C /* [CP] Check Pods Manifest.lock */,
				00B175751F65D9E30015A9DE /* Sources */,
				00B175761F65D9E30015A9DE /* Frameworks */,
				00B175771F65D9E30015A9DE /* Resources */,
				5F6B8935BA2528A6C2FD2521 /* [CP] Embed Pods Frameworks */,
				1E47BE1F0A2DC98321FA39E5 /* [CP] Copy Pods Resources */,
			);
			buildRules = (
			);
			dependencies = (
			);
			name = hackernews;
			productName = hackernews;
			productReference = 00B175791F65D9E30015A9DE /* hackernews.app */;
			productType = "com.apple.product-type.application";
		};
/* End PBXNativeTarget section */

/* Begin PBXProject section */
		00B175711F65D9E30015A9DE /* Project object */ = {
			isa = PBXProject;
			attributes = {
				LastSwiftUpdateCheck = 0830;
				LastUpgradeCheck = 0830;
				ORGANIZATIONNAME = UrbanPiper;
				TargetAttributes = {
					00B175781F65D9E30015A9DE = {
						CreatedOnToolsVersion = 8.3.3;
						DevelopmentTeam = X7NRL9JGPB;
						ProvisioningStyle = Automatic;
					};
				};
			};
			buildConfigurationList = 00B175741F65D9E30015A9DE /* Build configuration list for PBXProject "hackernews" */;
			compatibilityVersion = "Xcode 3.2";
			developmentRegion = English;
			hasScannedForEncodings = 0;
			knownRegions = (
				en,
				Base,
			);
			mainGroup = 00B175701F65D9E30015A9DE;
			productRefGroup = 00B1757A1F65D9E30015A9DE /* Products */;
			projectDirPath = "";
			projectRoot = "";
			targets = (
				00B175781F65D9E30015A9DE /* hackernews */,
			);
		};
/* End PBXProject section */

/* Begin PBXResourcesBuildPhase section */
		00B175771F65D9E30015A9DE /* Resources */ = {
			isa = PBXResourcesBuildPhase;
			buildActionMask = 2147483647;
			files = (
				00B175871F65D9E30015A9DE /* LaunchScreen.storyboard in Resources */,
				00B175961F65DD970015A9DE /* GoogleService-Info.plist in Resources */,
				00B175E11F667B840015A9DE /* SFText-Bold.otf in Resources */,
				00B175DF1F667B840015A9DE /* SFDisplay-Semibold.otf in Resources */,
				00B175E51F667B840015A9DE /* SFText-Semibold.otf in Resources */,
				00B175E01F667B840015A9DE /* SFDisplay-Thin.otf in Resources */,
				00B175841F65D9E30015A9DE /* Assets.xcassets in Resources */,
				00B175DE1F667B840015A9DE /* SFDisplay-Regular.otf in Resources */,
				00B175B11F65EDF60015A9DE /* LoginViewController.storyboard in Resources */,
				00B175DC1F667B840015A9DE /* SFDisplay-Light.otf in Resources */,
				00B175DB1F667B840015A9DE /* SFDisplay-Bold.otf in Resources */,
				00B175DD1F667B840015A9DE /* SFDisplay-Medium.otf in Resources */,
				00B175E41F667B840015A9DE /* SFText-Regular.otf in Resources */,
				00B175E21F667B840015A9DE /* SFText-Light.otf in Resources */,
				00B175821F65D9E30015A9DE /* Main.storyboard in Resources */,
				00B175B51F65EE440015A9DE /* ArticlesList.storyboard in Resources */,
				00B175E31F667B840015A9DE /* SFText-Medium.otf in Resources */,
			);
			runOnlyForDeploymentPostprocessing = 0;
		};
/* End PBXResourcesBuildPhase section */

/* Begin PBXShellScriptBuildPhase section */
		1E47BE1F0A2DC98321FA39E5 /* [CP] Copy Pods Resources */ = {
			isa = PBXShellScriptBuildPhase;
			buildActionMask = 2147483647;
			files = (
			);
			inputPaths = (
			);
			name = "[CP] Copy Pods Resources";
			outputPaths = (
			);
			runOnlyForDeploymentPostprocessing = 0;
			shellPath = /bin/sh;
			shellScript = "\"${SRCROOT}/Pods/Target Support Files/Pods-hackernews/Pods-hackernews-resources.sh\"\n";
			showEnvVarsInLog = 0;
		};
		5F6B8935BA2528A6C2FD2521 /* [CP] Embed Pods Frameworks */ = {
			isa = PBXShellScriptBuildPhase;
			buildActionMask = 2147483647;
			files = (
			);
			inputPaths = (
			);
			name = "[CP] Embed Pods Frameworks";
			outputPaths = (
			);
			runOnlyForDeploymentPostprocessing = 0;
			shellPath = /bin/sh;
			shellScript = "\"${SRCROOT}/Pods/Target Support Files/Pods-hackernews/Pods-hackernews-frameworks.sh\"\n";
			showEnvVarsInLog = 0;
		};
		8E16F9AAE219F0E37AB8726C /* [CP] Check Pods Manifest.lock */ = {
			isa = PBXShellScriptBuildPhase;
			buildActionMask = 2147483647;
			files = (
			);
			inputPaths = (
			);
			name = "[CP] Check Pods Manifest.lock";
			outputPaths = (
			);
			runOnlyForDeploymentPostprocessing = 0;
			shellPath = /bin/sh;
			shellScript = "diff \"${PODS_ROOT}/../Podfile.lock\" \"${PODS_ROOT}/Manifest.lock\" > /dev/null\nif [ $? != 0 ] ; then\n    # print error to STDERR\n    echo \"error: The sandbox is not in sync with the Podfile.lock. Run 'pod install' or update your CocoaPods installation.\" >&2\n    exit 1\nfi\n";
			showEnvVarsInLog = 0;
		};
/* End PBXShellScriptBuildPhase section */

/* Begin PBXSourcesBuildPhase section */
		00B175751F65D9E30015A9DE /* Sources */ = {
			isa = PBXSourcesBuildPhase;
			buildActionMask = 2147483647;
			files = (
				00B175BB1F65F1490015A9DE /* BaseViewController.swift in Sources */,
				00B175F81F66BF380015A9DE /* ArticlesCoordinator.swift in Sources */,
				00B175A21F65E3940015A9DE /* ArticlesService.swift in Sources */,
				00B1759E1F65E36F0015A9DE /* BaseService.swift in Sources */,
				00B175BD1F65F4B80015A9DE /* BaseViewModel.swift in Sources */,
				00B175C11F65F6430015A9DE /* LoginViewModel.swift in Sources */,
				00B175B91F65EE940015A9DE /* ArticleDetailViewController.swift in Sources */,
				00B175A41F65E4C00015A9DE /* ApiResponseHandler.swift in Sources */,
				00B175A01F65E37B0015A9DE /* UserService.swift in Sources */,
				00B1759C1F65E27A0015A9DE /* NetworkManager.swift in Sources */,
				00B1757F1F65D9E30015A9DE /* ViewController.swift in Sources */,
				00B175B71F65EE620015A9DE /* ArticlesListViewController.swift in Sources */,
				00B175A71F65E9910015A9DE /* ErrorType.swift in Sources */,
				00B175F41F66BF230015A9DE /* AuthCoordinator.swift in Sources */,
				00B1757D1F65D9E30015A9DE /* AppDelegate.swift in Sources */,
				00B175FA1F66BF590015A9DE /* BaseCoordinator.swift in Sources */,
				00B175B31F65EE0C0015A9DE /* LoginViewController.swift in Sources */,
				00B175FE1F6709150015A9DE /* UIViewController_extensions.swift in Sources */,
				00B175FC1F6708480015A9DE /* UINavigationViewController_extensions.swift in Sources */,
				00B175C51F65F6620015A9DE /* ArticleDetailViewModel.swift in Sources */,
				00B175BF1F65F55D0015A9DE /* UIStoryboard_extensions.swift in Sources */,
				00B175C31F65F6520015A9DE /* ArticlesListViewModel.swift in Sources */,
				00B175A91F65EAD00015A9DE /* ApiUrlCreator.swift in Sources */,
				00B175F11F669B640015A9DE /* UIView_extensions.swift in Sources */,
			);
			runOnlyForDeploymentPostprocessing = 0;
		};
/* End PBXSourcesBuildPhase section */

/* Begin PBXVariantGroup section */
		00B175801F65D9E30015A9DE /* Main.storyboard */ = {
			isa = PBXVariantGroup;
			children = (
				00B175811F65D9E30015A9DE /* Base */,
			);
			name = Main.storyboard;
			sourceTree = "<group>";
		};
		00B175851F65D9E30015A9DE /* LaunchScreen.storyboard */ = {
			isa = PBXVariantGroup;
			children = (
				00B175861F65D9E30015A9DE /* Base */,
			);
			name = LaunchScreen.storyboard;
			sourceTree = "<group>";
		};
/* End PBXVariantGroup section */

/* Begin XCBuildConfiguration section */
		00B175891F65D9E30015A9DE /* Debug */ = {
			isa = XCBuildConfiguration;
			buildSettings = {
				ALWAYS_SEARCH_USER_PATHS = NO;
				CLANG_ANALYZER_NONNULL = YES;
				CLANG_ANALYZER_NUMBER_OBJECT_CONVERSION = YES_AGGRESSIVE;
				CLANG_CXX_LANGUAGE_STANDARD = "gnu++0x";
				CLANG_CXX_LIBRARY = "libc++";
				CLANG_ENABLE_MODULES = YES;
				CLANG_ENABLE_OBJC_ARC = YES;
				CLANG_WARN_BOOL_CONVERSION = YES;
				CLANG_WARN_CONSTANT_CONVERSION = YES;
				CLANG_WARN_DIRECT_OBJC_ISA_USAGE = YES_ERROR;
				CLANG_WARN_DOCUMENTATION_COMMENTS = YES;
				CLANG_WARN_EMPTY_BODY = YES;
				CLANG_WARN_ENUM_CONVERSION = YES;
				CLANG_WARN_INFINITE_RECURSION = YES;
				CLANG_WARN_INT_CONVERSION = YES;
				CLANG_WARN_OBJC_ROOT_CLASS = YES_ERROR;
				CLANG_WARN_SUSPICIOUS_MOVE = YES;
				CLANG_WARN_UNREACHABLE_CODE = YES;
				CLANG_WARN__DUPLICATE_METHOD_MATCH = YES;
				"CODE_SIGN_IDENTITY[sdk=iphoneos*]" = "iPhone Developer";
				COPY_PHASE_STRIP = NO;
				DEBUG_INFORMATION_FORMAT = dwarf;
				ENABLE_STRICT_OBJC_MSGSEND = YES;
				ENABLE_TESTABILITY = YES;
				GCC_C_LANGUAGE_STANDARD = gnu99;
				GCC_DYNAMIC_NO_PIC = NO;
				GCC_NO_COMMON_BLOCKS = YES;
				GCC_OPTIMIZATION_LEVEL = 0;
				GCC_PREPROCESSOR_DEFINITIONS = (
					"DEBUG=1",
					"$(inherited)",
				);
				GCC_WARN_64_TO_32_BIT_CONVERSION = YES;
				GCC_WARN_ABOUT_RETURN_TYPE = YES_ERROR;
				GCC_WARN_UNDECLARED_SELECTOR = YES;
				GCC_WARN_UNINITIALIZED_AUTOS = YES_AGGRESSIVE;
				GCC_WARN_UNUSED_FUNCTION = YES;
				GCC_WARN_UNUSED_VARIABLE = YES;
				IPHONEOS_DEPLOYMENT_TARGET = 10.3;
				MTL_ENABLE_DEBUG_INFO = YES;
				ONLY_ACTIVE_ARCH = YES;
				SDKROOT = iphoneos;
				SWIFT_ACTIVE_COMPILATION_CONDITIONS = DEBUG;
				SWIFT_OPTIMIZATION_LEVEL = "-Onone";
				TARGETED_DEVICE_FAMILY = "1,2";
			};
			name = Debug;
		};
		00B1758A1F65D9E30015A9DE /* Release */ = {
			isa = XCBuildConfiguration;
			buildSettings = {
				ALWAYS_SEARCH_USER_PATHS = NO;
				CLANG_ANALYZER_NONNULL = YES;
				CLANG_ANALYZER_NUMBER_OBJECT_CONVERSION = YES_AGGRESSIVE;
				CLANG_CXX_LANGUAGE_STANDARD = "gnu++0x";
				CLANG_CXX_LIBRARY = "libc++";
				CLANG_ENABLE_MODULES = YES;
				CLANG_ENABLE_OBJC_ARC = YES;
				CLANG_WARN_BOOL_CONVERSION = YES;
				CLANG_WARN_CONSTANT_CONVERSION = YES;
				CLANG_WARN_DIRECT_OBJC_ISA_USAGE = YES_ERROR;
				CLANG_WARN_DOCUMENTATION_COMMENTS = YES;
				CLANG_WARN_EMPTY_BODY = YES;
				CLANG_WARN_ENUM_CONVERSION = YES;
				CLANG_WARN_INFINITE_RECURSION = YES;
				CLANG_WARN_INT_CONVERSION = YES;
				CLANG_WARN_OBJC_ROOT_CLASS = YES_ERROR;
				CLANG_WARN_SUSPICIOUS_MOVE = YES;
				CLANG_WARN_UNREACHABLE_CODE = YES;
				CLANG_WARN__DUPLICATE_METHOD_MATCH = YES;
				"CODE_SIGN_IDENTITY[sdk=iphoneos*]" = "iPhone Developer";
				COPY_PHASE_STRIP = NO;
				DEBUG_INFORMATION_FORMAT = "dwarf-with-dsym";
				ENABLE_NS_ASSERTIONS = NO;
				ENABLE_STRICT_OBJC_MSGSEND = YES;
				GCC_C_LANGUAGE_STANDARD = gnu99;
				GCC_NO_COMMON_BLOCKS = YES;
				GCC_WARN_64_TO_32_BIT_CONVERSION = YES;
				GCC_WARN_ABOUT_RETURN_TYPE = YES_ERROR;
				GCC_WARN_UNDECLARED_SELECTOR = YES;
				GCC_WARN_UNINITIALIZED_AUTOS = YES_AGGRESSIVE;
				GCC_WARN_UNUSED_FUNCTION = YES;
				GCC_WARN_UNUSED_VARIABLE = YES;
				IPHONEOS_DEPLOYMENT_TARGET = 10.3;
				MTL_ENABLE_DEBUG_INFO = NO;
				SDKROOT = iphoneos;
				SWIFT_OPTIMIZATION_LEVEL = "-Owholemodule";
				TARGETED_DEVICE_FAMILY = "1,2";
				VALIDATE_PRODUCT = YES;
			};
			name = Release;
		};
		00B1758C1F65D9E30015A9DE /* Debug */ = {
			isa = XCBuildConfiguration;
			baseConfigurationReference = 48E5EB207F434433D171AE02 /* Pods-hackernews.debug.xcconfig */;
			buildSettings = {
				ASSETCATALOG_COMPILER_APPICON_NAME = AppIcon;
				DEVELOPMENT_TEAM = X7NRL9JGPB;
				INFOPLIST_FILE = hackernews/Info.plist;
				LD_RUNPATH_SEARCH_PATHS = "$(inherited) @executable_path/Frameworks";
				PRODUCT_BUNDLE_IDENTIFIER = com.urbanpiper.hackernews;
				PRODUCT_NAME = "$(TARGET_NAME)";
				SWIFT_VERSION = 3.0;
			};
			name = Debug;
		};
		00B1758D1F65D9E30015A9DE /* Release */ = {
			isa = XCBuildConfiguration;
			baseConfigurationReference = BE31F695D2009A820252059C /* Pods-hackernews.release.xcconfig */;
			buildSettings = {
				ASSETCATALOG_COMPILER_APPICON_NAME = AppIcon;
				DEVELOPMENT_TEAM = X7NRL9JGPB;
				INFOPLIST_FILE = hackernews/Info.plist;
				LD_RUNPATH_SEARCH_PATHS = "$(inherited) @executable_path/Frameworks";
				PRODUCT_BUNDLE_IDENTIFIER = com.urbanpiper.hackernews;
				PRODUCT_NAME = "$(TARGET_NAME)";
				SWIFT_VERSION = 3.0;
			};
			name = Release;
		};
/* End XCBuildConfiguration section */

/* Begin XCConfigurationList section */
		00B175741F65D9E30015A9DE /* Build configuration list for PBXProject "hackernews" */ = {
			isa = XCConfigurationList;
			buildConfigurations = (
				00B175891F65D9E30015A9DE /* Debug */,
				00B1758A1F65D9E30015A9DE /* Release */,
			);
			defaultConfigurationIsVisible = 0;
			defaultConfigurationName = Release;
		};
		00B1758B1F65D9E30015A9DE /* Build configuration list for PBXNativeTarget "hackernews" */ = {
			isa = XCConfigurationList;
			buildConfigurations = (
				00B1758C1F65D9E30015A9DE /* Debug */,
				00B1758D1F65D9E30015A9DE /* Release */,
			);
			defaultConfigurationIsVisible = 0;
			defaultConfigurationName = Release;
		};
/* End XCConfigurationList section */
	};
	rootObject = 00B175711F65D9E30015A9DE /* Project object */;
}
